
Microsoft Visual Studio Solution File, Format Version 12.00
# Visual Studio 14
VisualStudioVersion = 14.0.23107.0
MinimumVisualStudioVersion = 10.0.40219.1
Project("{FAE04EC0-301F-11D3-BF4B-00C04F79EFBC}") = "Task 1 Tree Of N Nodes", "Task 1 Tree Of N Nodes\Task 1 Tree Of N Nodes.csproj", "{9A849E4F-C240-4E76-A87F-E62826930A03}"
EndProject
Project("{FAE04EC0-301F-11D3-BF4B-00C04F79EFBC}") = "Task 2 Traverse Directory", "Task 2 Traverse Directory\Task 2 Traverse Directory.csproj", "{9CFCC49F-CB84-433F-A034-A6022B3DCA7C}"
EndProject
Project("{FAE04EC0-301F-11D3-BF4B-00C04F79EFBC}") = "Task 3 File-Folder Structures", "Task 3 File-Folder Structures\Task 3 File-Folder Structures.csproj", "{7141F247-DC12-4636-BBA7-FA56AF979FBA}"
EndProject
Global
	GlobalSection(SolutionConfigurationPlatforms) = preSolution
		Debug|Any CPU = Debug|Any CPU
		Release|Any CPU = Release|Any CPU
	EndGlobalSection
	GlobalSection(ProjectConfigurationPlatforms) = postSolution
		{9A849E4F-C240-4E76-A87F-E62826930A03}.Debug|Any CPU.ActiveCfg = Debug|Any CPU
		{9A849E4F-C240-4E76-A87F-E62826930A03}.Debug|Any CPU.Build.0 = Debug|Any CPU
		{9A849E4F-C240-4E76-A87F-E62826930A03}.Release|Any CPU.ActiveCfg = Release|Any CPU
		{9A849E4F-C240-4E76-A87F-E62826930A03}.Release|Any CPU.Build.0 = Release|Any CPU
		{9CFCC49F-CB84-433F-A034-A6022B3DCA7C}.Debug|Any CPU.ActiveCfg = Debug|Any CPU
		{9CFCC49F-CB84-433F-A034-A6022B3DCA7C}.Debug|Any CPU.Build.0 = Debug|Any CPU
		{9CFCC49F-CB84-433F-A034-A6022B3DCA7C}.Release|Any CPU.ActiveCfg = Release|Any CPU
		{9CFCC49F-CB84-433F-A034-A6022B3DCA7C}.Release|Any CPU.Build.0 = Release|Any CPU
		{7141F247-DC12-4636-BBA7-FA56AF979FBA}.Debug|Any CPU.ActiveCfg = Debug|Any CPU
		{7141F247-DC12-4636-BBA7-FA56AF979FBA}.Debug|Any CPU.Build.0 = Debug|Any CPU
		{7141F247-DC12-4636-BBA7-FA56AF979FBA}.Release|Any CPU.ActiveCfg = Release|Any CPU
		{7141F247-DC12-4636-BBA7-FA56AF979FBA}.Release|Any CPU.Build.0 = Release|Any CPU
	EndGlobalSection
	GlobalSection(SolutionProperties) = preSolution
		HideSolutionNode = FALSE
	EndGlobalSection
EndGlobal
